
Microsoft Visual Studio Solution File, Format Version 12.00
# Visual Studio Version 17
VisualStudioVersion = 17.8.34330.188
MinimumVisualStudioVersion = 10.0.40219.1
Project("{2150E333-8FDC-42A3-9474-1A3956D46DE8}") = "Core", "Core", "{BAE96767-2F88-41A5-B6B9-C3CCAEA26BA8}"
EndProject
Project("{2150E333-8FDC-42A3-9474-1A3956D46DE8}") = "Infrastructure", "Infrastructure", "{68A2EAFE-D7A9-41AB-8A03-A979C872EEAA}"
EndProject
Project("{2150E333-8FDC-42A3-9474-1A3956D46DE8}") = "Presentation", "Presentation", "{872472C9-96B3-4C0A-A658-9B06558ADAD3}"
EndProject
Project("{2150E333-8FDC-42A3-9474-1A3956D46DE8}") = "Tests", "Tests", "{3BDE2645-C75A-4326-A983-19BDB567E9DC}"
EndProject
Project("{FAE04EC0-301F-11D3-BF4B-00C04F79EFBC}") = "SplitPurchases.Domain", "SplitPurchases.Domain\SplitPurchases.Domain.csproj", "{CFFEB87C-D260-4821-8A91-1F7D985ED9EB}"
EndProject
Project("{FAE04EC0-301F-11D3-BF4B-00C04F79EFBC}") = "SplitPurchases.Application", "SplitPurchases.Application\SplitPurchases.Application.csproj", "{FBFB75CB-10BC-46DA-8780-FB626CE61B73}"
EndProject
Project("{FAE04EC0-301F-11D3-BF4B-00C04F79EFBC}") = "SplitPurchases.Persistence", "SplitPurchases.Persistence\SplitPurchases.Persistence.csproj", "{92746662-5B71-452D-9AFC-C96850B4A968}"
EndProject
Project("{FAE04EC0-301F-11D3-BF4B-00C04F79EFBC}") = "SplitPurchases.WebApi", "SplitPurchases.WebApi\SplitPurchases.WebApi.csproj", "{EEF576B2-D213-4285-9203-21A708464E16}"
EndProject
Global
	GlobalSection(SolutionConfigurationPlatforms) = preSolution
		Debug|Any CPU = Debug|Any CPU
		Release|Any CPU = Release|Any CPU
	EndGlobalSection
	GlobalSection(ProjectConfigurationPlatforms) = postSolution
		{CFFEB87C-D260-4821-8A91-1F7D985ED9EB}.Debug|Any CPU.ActiveCfg = Debug|Any CPU
		{CFFEB87C-D260-4821-8A91-1F7D985ED9EB}.Debug|Any CPU.Build.0 = Debug|Any CPU
		{CFFEB87C-D260-4821-8A91-1F7D985ED9EB}.Release|Any CPU.ActiveCfg = Release|Any CPU
		{CFFEB87C-D260-4821-8A91-1F7D985ED9EB}.Release|Any CPU.Build.0 = Release|Any CPU
		{FBFB75CB-10BC-46DA-8780-FB626CE61B73}.Debug|Any CPU.ActiveCfg = Debug|Any CPU
		{FBFB75CB-10BC-46DA-8780-FB626CE61B73}.Debug|Any CPU.Build.0 = Debug|Any CPU
		{FBFB75CB-10BC-46DA-8780-FB626CE61B73}.Release|Any CPU.ActiveCfg = Release|Any CPU
		{FBFB75CB-10BC-46DA-8780-FB626CE61B73}.Release|Any CPU.Build.0 = Release|Any CPU
		{92746662-5B71-452D-9AFC-C96850B4A968}.Debug|Any CPU.ActiveCfg = Debug|Any CPU
		{92746662-5B71-452D-9AFC-C96850B4A968}.Debug|Any CPU.Build.0 = Debug|Any CPU
		{92746662-5B71-452D-9AFC-C96850B4A968}.Release|Any CPU.ActiveCfg = Release|Any CPU
		{92746662-5B71-452D-9AFC-C96850B4A968}.Release|Any CPU.Build.0 = Release|Any CPU
		{EEF576B2-D213-4285-9203-21A708464E16}.Debug|Any CPU.ActiveCfg = Debug|Any CPU
		{EEF576B2-D213-4285-9203-21A708464E16}.Debug|Any CPU.Build.0 = Debug|Any CPU
		{EEF576B2-D213-4285-9203-21A708464E16}.Release|Any CPU.ActiveCfg = Release|Any CPU
		{EEF576B2-D213-4285-9203-21A708464E16}.Release|Any CPU.Build.0 = Release|Any CPU
	EndGlobalSection
	GlobalSection(SolutionProperties) = preSolution
		HideSolutionNode = FALSE
	EndGlobalSection
	GlobalSection(NestedProjects) = preSolution
		{CFFEB87C-D260-4821-8A91-1F7D985ED9EB} = {BAE96767-2F88-41A5-B6B9-C3CCAEA26BA8}
		{FBFB75CB-10BC-46DA-8780-FB626CE61B73} = {BAE96767-2F88-41A5-B6B9-C3CCAEA26BA8}
		{92746662-5B71-452D-9AFC-C96850B4A968} = {68A2EAFE-D7A9-41AB-8A03-A979C872EEAA}
		{EEF576B2-D213-4285-9203-21A708464E16} = {872472C9-96B3-4C0A-A658-9B06558ADAD3}
	EndGlobalSection
	GlobalSection(ExtensibilityGlobals) = postSolution
		SolutionGuid = {4E24EF79-D94B-41A7-9117-2B6B1F77C1F4}
	EndGlobalSection
EndGlobal
